Microsoft Visual Studio Solution File, Format Version 8.00
Project("{8BC9CEB8-8B4A-11D0-8D11-00A0C91BC942}") = "Graph", "Graph.vcproj", "{BA569B32-6C9B-4402-AF34-ACBD29A9DEBD}"
	ProjectSection(ProjectDependencies) = postProject
	EndProjectSection
EndProject
Global
	GlobalSection(SolutionConfiguration) = preSolution
		Debug = Debug
		Release = Release
	EndGlobalSection
	GlobalSection(ProjectConfiguration) = postSolution
		{BA569B32-6C9B-4402-AF34-ACBD29A9DEBD}.Debug.ActiveCfg = Debug|Win32
		{BA569B32-6C9B-4402-AF34-ACBD29A9DEBD}.Debug.Build.0 = Debug|Win32
		{BA569B32-6C9B-4402-AF34-ACBD29A9DEBD}.Release.ActiveCfg = Release|Win32
		{BA569B32-6C9B-4402-AF34-ACBD29A9DEBD}.Release.Build.0 = Release|Win32
	EndGlobalSection
	GlobalSection(ExtensibilityGlobals) = postSolution
	EndGlobalSection
	GlobalSection(ExtensibilityAddIns) = postSolution
	EndGlobalSection
EndGlobal
